
Microsoft Visual Studio Solution File, Format Version 12.00
# Visual Studio 15
VisualStudioVersion = 15.0.28307.645
MinimumVisualStudioVersion = 10.0.40219.1
Project("{2150E333-8FDC-42A3-9474-1A3956D46DE8}") = "src", "src", "{C89DD3E0-BD41-4A06-A392-07D16F36BB35}"
EndProject
Project("{2150E333-8FDC-42A3-9474-1A3956D46DE8}") = "services", "services", "{C6D798A8-0B36-49DA-8CFD-E0BBCE55B744}"
EndProject
Project("{2150E333-8FDC-42A3-9474-1A3956D46DE8}") = "web", "web", "{5F77A93D-6DC2-44A2-87E6-A07C9C4D81DF}"
EndProject
Project("{9A19103F-16F7-4668-BE54-9A1E7A4F7556}") = "EventCatalogApi", "EventCatalogApi\EventCatalogApi.csproj", "{1BBEBAB0-FA34-40DC-82EC-47BBF47D2A2D}"
EndProject
Project("{E53339B2-1760-4266-BCC7-CA923CBCF16C}") = "docker-compose", "docker-compose.dcproj", "{EE91C87D-8600-4237-921E-ECB36DD600F7}"
EndProject
Project("{9A19103F-16F7-4668-BE54-9A1E7A4F7556}") = "WebMvc", "WebMvc\WebMvc.csproj", "{88223C52-6D6A-4D9F-8195-4D9C3A2117B3}"
EndProject
Project("{9A19103F-16F7-4668-BE54-9A1E7A4F7556}") = "TokenServiceApi", "TokenServiceApi\TokenServiceApi.csproj", "{E19F2202-DC33-4D19-8768-4201E78D62A0}"
EndProject
Project("{9A19103F-16F7-4668-BE54-9A1E7A4F7556}") = "OrderApi", "OrderApi\OrderApi.csproj", "{1D5038C5-B0B0-480E-B22C-68510FB6E439}"
EndProject
Project("{9A19103F-16F7-4668-BE54-9A1E7A4F7556}") = "CartApi", "CartApi\CartApi.csproj", "{8902C07C-B728-44B3-99C8-75B5B96BE7F4}"
EndProject
Global
	GlobalSection(SolutionConfigurationPlatforms) = preSolution
		Debug|Any CPU = Debug|Any CPU
		Release|Any CPU = Release|Any CPU
	EndGlobalSection
	GlobalSection(ProjectConfigurationPlatforms) = postSolution
		{1BBEBAB0-FA34-40DC-82EC-47BBF47D2A2D}.Debug|Any CPU.ActiveCfg = Debug|Any CPU
		{1BBEBAB0-FA34-40DC-82EC-47BBF47D2A2D}.Debug|Any CPU.Build.0 = Debug|Any CPU
		{1BBEBAB0-FA34-40DC-82EC-47BBF47D2A2D}.Release|Any CPU.ActiveCfg = Release|Any CPU
		{1BBEBAB0-FA34-40DC-82EC-47BBF47D2A2D}.Release|Any CPU.Build.0 = Release|Any CPU
		{EE91C87D-8600-4237-921E-ECB36DD600F7}.Debug|Any CPU.ActiveCfg = Debug|Any CPU
		{EE91C87D-8600-4237-921E-ECB36DD600F7}.Debug|Any CPU.Build.0 = Debug|Any CPU
		{EE91C87D-8600-4237-921E-ECB36DD600F7}.Release|Any CPU.ActiveCfg = Release|Any CPU
		{EE91C87D-8600-4237-921E-ECB36DD600F7}.Release|Any CPU.Build.0 = Release|Any CPU
		{88223C52-6D6A-4D9F-8195-4D9C3A2117B3}.Debug|Any CPU.ActiveCfg = Debug|Any CPU
		{88223C52-6D6A-4D9F-8195-4D9C3A2117B3}.Debug|Any CPU.Build.0 = Debug|Any CPU
		{88223C52-6D6A-4D9F-8195-4D9C3A2117B3}.Release|Any CPU.ActiveCfg = Release|Any CPU
		{88223C52-6D6A-4D9F-8195-4D9C3A2117B3}.Release|Any CPU.Build.0 = Release|Any CPU
		{E19F2202-DC33-4D19-8768-4201E78D62A0}.Debug|Any CPU.ActiveCfg = Debug|Any CPU
		{E19F2202-DC33-4D19-8768-4201E78D62A0}.Debug|Any CPU.Build.0 = Debug|Any CPU
		{E19F2202-DC33-4D19-8768-4201E78D62A0}.Release|Any CPU.ActiveCfg = Release|Any CPU
		{E19F2202-DC33-4D19-8768-4201E78D62A0}.Release|Any CPU.Build.0 = Release|Any CPU
		{1D5038C5-B0B0-480E-B22C-68510FB6E439}.Debug|Any CPU.ActiveCfg = Debug|Any CPU
		{1D5038C5-B0B0-480E-B22C-68510FB6E439}.Debug|Any CPU.Build.0 = Debug|Any CPU
		{1D5038C5-B0B0-480E-B22C-68510FB6E439}.Release|Any CPU.ActiveCfg = Release|Any CPU
		{1D5038C5-B0B0-480E-B22C-68510FB6E439}.Release|Any CPU.Build.0 = Release|Any CPU
		{8902C07C-B728-44B3-99C8-75B5B96BE7F4}.Debug|Any CPU.ActiveCfg = Debug|Any CPU
		{8902C07C-B728-44B3-99C8-75B5B96BE7F4}.Debug|Any CPU.Build.0 = Debug|Any CPU
		{8902C07C-B728-44B3-99C8-75B5B96BE7F4}.Release|Any CPU.ActiveCfg = Release|Any CPU
		{8902C07C-B728-44B3-99C8-75B5B96BE7F4}.Release|Any CPU.Build.0 = Release|Any CPU
	EndGlobalSection
	GlobalSection(SolutionProperties) = preSolution
		HideSolutionNode = FALSE
	EndGlobalSection
	GlobalSection(NestedProjects) = preSolution
		{C6D798A8-0B36-49DA-8CFD-E0BBCE55B744} = {C89DD3E0-BD41-4A06-A392-07D16F36BB35}
		{5F77A93D-6DC2-44A2-87E6-A07C9C4D81DF} = {C89DD3E0-BD41-4A06-A392-07D16F36BB35}
		{1BBEBAB0-FA34-40DC-82EC-47BBF47D2A2D} = {C6D798A8-0B36-49DA-8CFD-E0BBCE55B744}
		{88223C52-6D6A-4D9F-8195-4D9C3A2117B3} = {5F77A93D-6DC2-44A2-87E6-A07C9C4D81DF}
		{E19F2202-DC33-4D19-8768-4201E78D62A0} = {C6D798A8-0B36-49DA-8CFD-E0BBCE55B744}
		{1D5038C5-B0B0-480E-B22C-68510FB6E439} = {C6D798A8-0B36-49DA-8CFD-E0BBCE55B744}
		{8902C07C-B728-44B3-99C8-75B5B96BE7F4} = {C6D798A8-0B36-49DA-8CFD-E0BBCE55B744}
	EndGlobalSection
	GlobalSection(ExtensibilityGlobals) = postSolution
		SolutionGuid = {7263586C-831D-4DCB-A2F6-1F27D32C9B38}
	EndGlobalSection
EndGlobal
